// !$*UTF8*$!
{
	archiveVersion = 1;
	classes = {
	};
	objectVersion = 77;
	objects = {

/* Begin PBXBuildFile section */
		96F82CC32F92C9AF005469E6 /* ReplayKit.framework in Frameworks */ = {isa = PBXBuildFile; fileRef = 96F82CC22F92C9AF005469E6 /* ReplayKit.framework */; };
		96F82CCA2F92C9AF005469E6 /* MiracastBroadcast.appex in Embed Foundation Extensions */ = {isa = PBXBuildFile; fileRef = 96F82CC12F92C9AF005469E6 /* MiracastBroadcast.appex */; settings = {ATTRIBUTES = (RemoveHeadersOnCopy, ); }; };
		C4SMARTVIEWBUILD01 /* SmartView.xcframework in Frameworks */ = {isa = PBXBuildFile; fileRef = C4SMARTVIEW01 /* SmartView.xcframework */; settings = {ATTRIBUTES = (CodeSignOnCopy, RemoveHeadersOnCopy, ); }; };
		C4SMARTVIEWEMBED01 /* SmartView.xcframework in Embed Frameworks */ = {isa = PBXBuildFile; fileRef = C4SMARTVIEW01 /* SmartView.xcframework */; settings = {ATTRIBUTES = (CodeSignOnCopy, RemoveHeadersOnCopy, ); }; };
/* End PBXBuildFile section */

/* Begin PBXContainerItemProxy section */
		96F82CC82F92C9AF005469E6 /* PBXContainerItemProxy */ = {
			isa = PBXContainerItemProxy;
			containerPortal = C4B109712EA7D38B00C18BE1 /* Project object */;
			proxyType = 1;
			remoteGlobalIDString = 96F82CC02F92C9AF005469E6;
			remoteInfo = MiracastBroadcast;
		};
		T1B109832EA7D38B00C18BE1 /* PBXContainerItemProxy */ = {
			isa = PBXContainerItemProxy;
			containerPortal = C4B109712EA7D38B00C18BE1 /* Project object */;
			proxyType = 1;
			remoteGlobalIDString = C4B109782EA7D38B00C18BE1;
			remoteInfo = Miracast;
		};
/* End PBXContainerItemProxy section */

/* Begin PBXCopyFilesBuildPhase section */
		96F82CCB2F92C9AF005469E6 /* Embed Foundation Extensions */ = {
			isa = PBXCopyFilesBuildPhase;
			buildActionMask = 2147483647;
			dstPath = "";
			dstSubfolderSpec = 13;
			files = (
				96F82CCA2F92C9AF005469E6 /* MiracastBroadcast.appex in Embed Foundation Extensions */,
			);
			name = "Embed Foundation Extensions";
			runOnlyForDeploymentPostprocessing = 0;
		};
		C4EMBEDFW01 /* Embed Frameworks */ = {
			isa = PBXCopyFilesBuildPhase;
			buildActionMask = 2147483647;
			dstPath = "";
			dstSubfolderSpec = 10;
			files = (
				C4SMARTVIEWEMBED01 /* SmartView.xcframework in Embed Frameworks */,
			);
			name = "Embed Frameworks";
			runOnlyForDeploymentPostprocessing = 0;
		};
/* End PBXCopyFilesBuildPhase section */

/* Begin PBXFileReference section */
		96F82CC12F92C9AF005469E6 /* MiracastBroadcast.appex */ = {isa = PBXFileReference; explicitFileType = "wrapper.app-extension"; includeInIndex = 0; path = MiracastBroadcast.appex; sourceTree = BUILT_PRODUCTS_DIR; };
		96F82CC22F92C9AF005469E6 /* ReplayKit.framework */ = {isa = PBXFileReference; lastKnownFileType = wrapper.framework; name = ReplayKit.framework; path = System/Library/Frameworks/ReplayKit.framework; sourceTree = SDKROOT; };
		C4B109792EA7D38B00C18BE1 /* Miracast.app */ = {isa = PBXFileReference; explicitFileType = wrapper.application; includeInIndex = 0; path = Miracast.app; sourceTree = BUILT_PRODUCTS_DIR; };
		C4SMARTVIEW01 /* SmartView.xcframework */ = {isa = PBXFileReference; lastKnownFileType = wrapper.xcframework; name = SmartView.xcframework; path = Frameworks/SmartView.xcframework; sourceTree = "<group>"; };
		T1B1097B2EA7D38B00C18BE1 /* MiracastTests.xctest */ = {isa = PBXFileReference; explicitFileType = wrapper.cfbundle; includeInIndex = 0; path = MiracastTests.xctest; sourceTree = BUILT_PRODUCTS_DIR; };
/* End PBXFileReference section */

/* Begin PBXFileSystemSynchronizedBuildFileExceptionSet section */
		96F82CD72F92CAE8005469E6 /* Exceptions for "Miracast" folder in "MiracastBroadcast" target */ = {
			isa = PBXFileSystemSynchronizedBuildFileExceptionSet;
			membershipExceptions = (
				Services/BroadcastPreferences.swift,
				Services/DLNAController.swift,
				Services/DLNARenderer.swift,
				Services/HLSPlaylist.swift,
				Services/HLSStreamServer.swift,
			);
			target = 96F82CC02F92C9AF005469E6 /* MiracastBroadcast */;
		};
		96F82CF12F92CAE9005469E6 /* Exceptions for "MiracastBroadcast" folder in "MiracastBroadcast" target */ = {
			isa = PBXFileSystemSynchronizedBuildFileExceptionSet;
			membershipExceptions = (
				Info.plist,
			);
			target = 96F82CC02F92C9AF005469E6 /* MiracastBroadcast */;
		};
		C4F9ADF72EB01D1600852720 /* Exceptions for "Miracast" folder in "Miracast" target */ = {
			isa = PBXFileSystemSynchronizedBuildFileExceptionSet;
			membershipExceptions = (
				Info.plist,
			);
			target = C4B109782EA7D38B00C18BE1 /* Miracast */;
		};
/* End PBXFileSystemSynchronizedBuildFileExceptionSet section */

/* Begin PBXFileSystemSynchronizedRootGroup section */
		96F82CC42F92C9AF005469E6 /* MiracastBroadcast */ = {
			isa = PBXFileSystemSynchronizedRootGroup;
			exceptions = (
				96F82CF12F92CAE9005469E6 /* Exceptions for "MiracastBroadcast" folder in "MiracastBroadcast" target */,
			);
			path = MiracastBroadcast;
			sourceTree = "<group>";
		};
		C4B1097B2EA7D38B00C18BE1 /* Miracast */ = {
			isa = PBXFileSystemSynchronizedRootGroup;
			exceptions = (
				C4F9ADF72EB01D1600852720 /* Exceptions for "Miracast" folder in "Miracast" target */,
				96F82CD72F92CAE8005469E6 /* Exceptions for "Miracast" folder in "MiracastBroadcast" target */,
			);
			path = Miracast;
			sourceTree = "<group>";
		};
		T1B109842EA7D38B00C18BE1 /* MiracastTests */ = {
			isa = PBXFileSystemSynchronizedRootGroup;
			path = MiracastTests;
			sourceTree = "<group>";
		};
/* End PBXFileSystemSynchronizedRootGroup section */

/* Begin PBXFrameworksBuildPhase section */
		96F82CBE2F92C9AF005469E6 /* Frameworks */ = {
			isa = PBXFrameworksBuildPhase;
			buildActionMask = 2147483647;
			files = (
				96F82CC32F92C9AF005469E6 /* ReplayKit.framework in Frameworks */,
			);
			runOnlyForDeploymentPostprocessing = 0;
		};
		C4B109762EA7D38B00C18BE1 /* Frameworks */ = {
			isa = PBXFrameworksBuildPhase;
			buildActionMask = 2147483647;
			files = (
				C4SMARTVIEWBUILD01 /* SmartView.xcframework in Frameworks */,
			);
			runOnlyForDeploymentPostprocessing = 0;
		};
		T1B1097D2EA7D38B00C18BE1 /* Frameworks */ = {
			isa = PBXFrameworksBuildPhase;
			buildActionMask = 2147483647;
			files = (
			);
			runOnlyForDeploymentPostprocessing = 0;
		};
/* End PBXFrameworksBuildPhase section */

/* Begin PBXGroup section */
		C4B109702EA7D38B00C18BE1 = {
			isa = PBXGroup;
			children = (
				C4B1097B2EA7D38B00C18BE1 /* Miracast */,
				96F82CC42F92C9AF005469E6 /* MiracastBroadcast */,
				T1B109842EA7D38B00C18BE1 /* MiracastTests */,
				C4FRAMEWORKS01 /* Frameworks */,
				C4B1097A2EA7D38B00C18BE1 /* Products */,
			);
			sourceTree = "<group>";
		};
		C4B1097A2EA7D38B00C18BE1 /* Products */ = {
			isa = PBXGroup;
			children = (
				C4B109792EA7D38B00C18BE1 /* Miracast.app */,
				96F82CC12F92C9AF005469E6 /* MiracastBroadcast.appex */,
				T1B1097B2EA7D38B00C18BE1 /* MiracastTests.xctest */,
			);
			name = Products;
			sourceTree = "<group>";
		};
		C4FRAMEWORKS01 /* Frameworks */ = {
			isa = PBXGroup;
			children = (
				C4SMARTVIEW01 /* SmartView.xcframework */,
				96F82CC22F92C9AF005469E6 /* ReplayKit.framework */,
			);
			name = Frameworks;
			sourceTree = "<group>";
		};
/* End PBXGroup section */

/* Begin PBXNativeTarget section */
		96F82CC02F92C9AF005469E6 /* MiracastBroadcast */ = {
			isa = PBXNativeTarget;
			buildConfigurationList = 96F82CCE2F92C9AF005469E6 /* Build configuration list for PBXNativeTarget "MiracastBroadcast" */;
			buildPhases = (
				96F82CBD2F92C9AF005469E6 /* Sources */,
				96F82CBE2F92C9AF005469E6 /* Frameworks */,
				96F82CBF2F92C9AF005469E6 /* Resources */,
			);
			buildRules = (
			);
			dependencies = (
			);
			fileSystemSynchronizedGroups = (
				96F82CC42F92C9AF005469E6 /* MiracastBroadcast */,
			);
			name = MiracastBroadcast;
			packageProductDependencies = (
			);
			productName = MiracastBroadcast;
			productReference = 96F82CC12F92C9AF005469E6 /* MiracastBroadcast.appex */;
			productType = "com.apple.product-type.app-extension";
		};
		C4B109782EA7D38B00C18BE1 /* Miracast */ = {
			isa = PBXNativeTarget;
			buildConfigurationList = C4B109842EA7D38D00C18BE1 /* Build configuration list for PBXNativeTarget "Miracast" */;
			buildPhases = (
				C4B109752EA7D38B00C18BE1 /* Sources */,
				C4B109762EA7D38B00C18BE1 /* Frameworks */,
				C4B109772EA7D38B00C18BE1 /* Resources */,
				C4EMBEDFW01 /* Embed Frameworks */,
				96F82CCB2F92C9AF005469E6 /* Embed Foundation Extensions */,
			);
			buildRules = (
			);
			dependencies = (
				96F82CC92F92C9AF005469E6 /* PBXTargetDependency */,
			);
			fileSystemSynchronizedGroups = (
				C4B1097B2EA7D38B00C18BE1 /* Miracast */,
			);
			name = Miracast;
			packageProductDependencies = (
			);
			productName = Miracast;
			productReference = C4B109792EA7D38B00C18BE1 /* Miracast.app */;
			productType = "com.apple.product-type.application";
		};
		T1B1097A2EA7D38B00C18BE1 /* MiracastTests */ = {
			isa = PBXNativeTarget;
			buildConfigurationList = T1B1097F2EA7D38B00C18BE1 /* Build configuration list for PBXNativeTarget "MiracastTests" */;
			buildPhases = (
				T1B1097C2EA7D38B00C18BE1 /* Sources */,
				T1B1097D2EA7D38B00C18BE1 /* Frameworks */,
				T1B1097E2EA7D38B00C18BE1 /* Resources */,
			);
			buildRules = (
			);
			dependencies = (
				T1B109822EA7D38B00C18BE1 /* PBXTargetDependency */,
			);
			fileSystemSynchronizedGroups = (
				T1B109842EA7D38B00C18BE1 /* MiracastTests */,
			);
			name = MiracastTests;
			packageProductDependencies = (
			);
			productName = MiracastTests;
			productReference = T1B1097B2EA7D38B00C18BE1 /* MiracastTests.xctest */;
			productType = "com.apple.product-type.bundle.unit-test";
		};
/* End PBXNativeTarget section */

/* Begin PBXProject section */
		C4B109712EA7D38B00C18BE1 /* Project object */ = {
			isa = PBXProject;
			attributes = {
				BuildIndependentTargetsInParallel = 1;
				LastSwiftUpdateCheck = 2620;
				LastUpgradeCheck = 2600;
				TargetAttributes = {
					96F82CC02F92C9AF005469E6 = {
						CreatedOnToolsVersion = 26.2;
					};
					C4B109782EA7D38B00C18BE1 = {
						CreatedOnToolsVersion = 26.0.1;
					};
				};
			};
			buildConfigurationList = C4B109742EA7D38B00C18BE1 /* Build configuration list for PBXProject "Miracast" */;
			developmentRegion = en;
			hasScannedForEncodings = 0;
			knownRegions = (
				en,
				Base,
			);
			mainGroup = C4B109702EA7D38B00C18BE1;
			minimizedProjectReferenceProxies = 1;
			preferredProjectObjectVersion = 77;
			productRefGroup = C4B1097A2EA7D38B00C18BE1 /* Products */;
			projectDirPath = "";
			projectRoot = "";
			targets = (
				C4B109782EA7D38B00C18BE1 /* Miracast */,
				96F82CC02F92C9AF005469E6 /* MiracastBroadcast */,
				T1B1097A2EA7D38B00C18BE1 /* MiracastTests */,
			);
		};
/* End PBXProject section */

/* Begin PBXResourcesBuildPhase section */
		96F82CBF2F92C9AF005469E6 /* Resources */ = {
			isa = PBXResourcesBuildPhase;
			buildActionMask = 2147483647;
			files = (
			);
			runOnlyForDeploymentPostprocessing = 0;
		};
		C4B109772EA7D38B00C18BE1 /* Resources */ = {
			isa = PBXResourcesBuildPhase;
			buildActionMask = 2147483647;
			files = (
			);
			runOnlyForDeploymentPostprocessing = 0;
		};
		T1B1097E2EA7D38B00C18BE1 /* Resources */ = {
			isa = PBXResourcesBuildPhase;
			buildActionMask = 2147483647;
			files = (
			);
			runOnlyForDeploymentPostprocessing = 0;
		};
/* End PBXResourcesBuildPhase section */

/* Begin PBXSourcesBuildPhase section */
		96F82CBD2F92C9AF005469E6 /* Sources */ = {
			isa = PBXSourcesBuildPhase;
			buildActionMask = 2147483647;
			files = (
			);
			runOnlyForDeploymentPostprocessing = 0;
		};
		C4B109752EA7D38B00C18BE1 /* Sources */ = {
			isa = PBXSourcesBuildPhase;
			buildActionMask = 2147483647;
			files = (
			);
			runOnlyForDeploymentPostprocessing = 0;
		};
		T1B1097C2EA7D38B00C18BE1 /* Sources */ = {
			isa = PBXSourcesBuildPhase;
			buildActionMask = 2147483647;
			files = (
			);
			runOnlyForDeploymentPostprocessing = 0;
		};
/* End PBXSourcesBuildPhase section */

/* Begin PBXTargetDependency section */
		96F82CC92F92C9AF005469E6 /* PBXTargetDependency */ = {
			isa = PBXTargetDependency;
			target = 96F82CC02F92C9AF005469E6 /* MiracastBroadcast */;
			targetProxy = 96F82CC82F92C9AF005469E6 /* PBXContainerItemProxy */;
		};
		T1B109822EA7D38B00C18BE1 /* PBXTargetDependency */ = {
			isa = PBXTargetDependency;
			target = C4B109782EA7D38B00C18BE1 /* Miracast */;
			targetProxy = T1B109832EA7D38B00C18BE1 /* PBXContainerItemProxy */;
		};
/* End PBXTargetDependency section */

/* Begin XCBuildConfiguration section */
		96F82CCC2F92C9AF005469E6 /* Debug */ = {
			isa = XCBuildConfiguration;
			buildSettings = {
				CODE_SIGN_ENTITLEMENTS = MiracastBroadcast/MiracastBroadcast.entitlements;
				CODE_SIGN_STYLE = Automatic;
				CURRENT_PROJECT_VERSION = 1;
				DEVELOPMENT_TEAM = VB6TJZ8M36;
				GENERATE_INFOPLIST_FILE = YES;
				INFOPLIST_FILE = MiracastBroadcast/Info.plist;
				INFOPLIST_KEY_CFBundleDisplayName = MiracastBroadcast;
				INFOPLIST_KEY_NSHumanReadableCopyright = "";
				IPHONEOS_DEPLOYMENT_TARGET = 26.2;
				LD_RUNPATH_SEARCH_PATHS = (
					"$(inherited)",
					"@executable_path/Frameworks",
					"@executable_path/../../Frameworks",
				);
				MARKETING_VERSION = 1.0;
				PRODUCT_BUNDLE_IDENTIFIER = miracast.Miracast.MiracastBroadcast;
				PRODUCT_NAME = "$(TARGET_NAME)";
				SKIP_INSTALL = YES;
				STRING_CATALOG_GENERATE_SYMBOLS = YES;
				SWIFT_APPROACHABLE_CONCURRENCY = YES;
				SWIFT_EMIT_LOC_STRINGS = YES;
				SWIFT_UPCOMING_FEATURE_MEMBER_IMPORT_VISIBILITY = YES;
				SWIFT_VERSION = 5.0;
				TARGETED_DEVICE_FAMILY = "1,2";
			};
			name = Debug;
		};
		96F82CCD2F92C9AF005469E6 /* Release */ = {
			isa = XCBuildConfiguration;
			buildSettings = {
				CODE_SIGN_ENTITLEMENTS = MiracastBroadcast/MiracastBroadcast.entitlements;
				CODE_SIGN_STYLE = Automatic;
				CURRENT_PROJECT_VERSION = 1;
				DEVELOPMENT_TEAM = VB6TJZ8M36;
				GENERATE_INFOPLIST_FILE = YES;
				INFOPLIST_FILE = MiracastBroadcast/Info.plist;
				INFOPLIST_KEY_CFBundleDisplayName = MiracastBroadcast;
				INFOPLIST_KEY_NSHumanReadableCopyright = "";
				IPHONEOS_DEPLOYMENT_TARGET = 26.2;
				LD_RUNPATH_SEARCH_PATHS = (
					"$(inherited)",
					"@executable_path/Frameworks",
					"@executable_path/../../Frameworks",
				);
				MARKETING_VERSION = 1.0;
				PRODUCT_BUNDLE_IDENTIFIER = miracast.Miracast.MiracastBroadcast;
				PRODUCT_NAME = "$(TARGET_NAME)";
				SKIP_INSTALL = YES;
				STRING_CATALOG_GENERATE_SYMBOLS = YES;
				SWIFT_APPROACHABLE_CONCURRENCY = YES;
				SWIFT_EMIT_LOC_STRINGS = YES;
				SWIFT_UPCOMING_FEATURE_MEMBER_IMPORT_VISIBILITY = YES;
				SWIFT_VERSION = 5.0;
				TARGETED_DEVICE_FAMILY = "1,2";
			};
			name = Release;
		};
		C4B109822EA7D38D00C18BE1 /* Debug */ = {
			isa = XCBuildConfiguration;
			buildSettings = {
				ALWAYS_SEARCH_USER_PATHS = NO;
				ASSETCATALOG_COMPILER_GENERATE_SWIFT_ASSET_SYMBOL_EXTENSIONS = YES;
				CLANG_ANALYZER_NONNULL = YES;
				CLANG_ANALYZER_NUMBER_OBJECT_CONVERSION = YES_AGGRESSIVE;
				CLANG_CXX_LANGUAGE_STANDARD = "gnu++20";
				CLANG_ENABLE_MODULES = YES;
				CLANG_ENABLE_OBJC_ARC = YES;
				CLANG_ENABLE_OBJC_WEAK = YES;
				CLANG_WARN_BLOCK_CAPTURE_AUTORELEASING = YES;
				CLANG_WARN_BOOL_CONVERSION = YES;
				CLANG_WARN_COMMA = YES;
				CLANG_WARN_CONSTANT_CONVERSION = YES;
				CLANG_WARN_DEPRECATED_OBJC_IMPLEMENTATIONS = YES;
				CLANG_WARN_DIRECT_OBJC_ISA_USAGE = YES_ERROR;
				CLANG_WARN_DOCUMENTATION_COMMENTS = YES;
				CLANG_WARN_EMPTY_BODY = YES;
				CLANG_WARN_ENUM_CONVERSION = YES;
				CLANG_WARN_INFINITE_RECURSION = YES;
				CLANG_WARN_INT_CONVERSION = YES;
				CLANG_WARN_NON_LITERAL_NULL_CONVERSION = YES;
				CLANG_WARN_OBJC_IMPLICIT_RETAIN_SELF = YES;
				CLANG_WARN_OBJC_LITERAL_CONVERSION = YES;
				CLANG_WARN_OBJC_ROOT_CLASS = YES_ERROR;
				CLANG_WARN_QUOTED_INCLUDE_IN_FRAMEWORK_HEADER = YES;
				CLANG_WARN_RANGE_LOOP_ANALYSIS = YES;
				CLANG_WARN_STRICT_PROTOTYPES = YES;
				CLANG_WARN_SUSPICIOUS_MOVE = YES;
				CLANG_WARN_UNGUARDED_AVAILABILITY = YES_AGGRESSIVE;
				CLANG_WARN_UNREACHABLE_CODE = YES;
				CLANG_WARN__DUPLICATE_METHOD_MATCH = YES;
				COPY_PHASE_STRIP = NO;
				DEBUG_INFORMATION_FORMAT = dwarf;
				DEVELOPMENT_TEAM = VB6TJZ8M36;
				ENABLE_STRICT_OBJC_MSGSEND = YES;
				ENABLE_TESTABILITY = YES;
				ENABLE_USER_SCRIPT_SANDBOXING = YES;
				GCC_C_LANGUAGE_STANDARD = gnu17;
				GCC_DYNAMIC_NO_PIC = NO;
				GCC_NO_COMMON_BLOCKS = YES;
				GCC_OPTIMIZATION_LEVEL = 0;
				GCC_PREPROCESSOR_DEFINITIONS = (
					"DEBUG=1",
					"$(inherited)",
				);
				GCC_WARN_64_TO_32_BIT_CONVERSION = YES;
				GCC_WARN_ABOUT_RETURN_TYPE = YES_ERROR;
				GCC_WARN_UNDECLARED_SELECTOR = YES;
				GCC_WARN_UNINITIALIZED_AUTOS = YES_AGGRESSIVE;
				GCC_WARN_UNUSED_FUNCTION = YES;
				GCC_WARN_UNUSED_VARIABLE = YES;
				INFOPLIST_FILE = Miracast/Info.plist;
				IPHONEOS_DEPLOYMENT_TARGET = 26.0;
				LOCALIZATION_PREFERS_STRING_CATALOGS = YES;
				MTL_ENABLE_DEBUG_INFO = INCLUDE_SOURCE;
				MTL_FAST_MATH = YES;
				ONLY_ACTIVE_ARCH = YES;
				SDKROOT = iphoneos;
				SWIFT_ACTIVE_COMPILATION_CONDITIONS = "DEBUG $(inherited)";
				SWIFT_OPTIMIZATION_LEVEL = "-Onone";
			};
			name = Debug;
		};
		C4B109832EA7D38D00C18BE1 /* Release */ = {
			isa = XCBuildConfiguration;
			buildSettings = {
				ALWAYS_SEARCH_USER_PATHS = NO;
				ASSETCATALOG_COMPILER_GENERATE_SWIFT_ASSET_SYMBOL_EXTENSIONS = YES;
				CLANG_ANALYZER_NONNULL = YES;
				CLANG_ANALYZER_NUMBER_OBJECT_CONVERSION = YES_AGGRESSIVE;
				CLANG_CXX_LANGUAGE_STANDARD = "gnu++20";
				CLANG_ENABLE_MODULES = YES;
				CLANG_ENABLE_OBJC_ARC = YES;
				CLANG_ENABLE_OBJC_WEAK = YES;
				CLANG_WARN_BLOCK_CAPTURE_AUTORELEASING = YES;
				CLANG_WARN_BOOL_CONVERSION = YES;
				CLANG_WARN_COMMA = YES;
				CLANG_WARN_CONSTANT_CONVERSION = YES;
				CLANG_WARN_DEPRECATED_OBJC_IMPLEMENTATIONS = YES;
				CLANG_WARN_DIRECT_OBJC_ISA_USAGE = YES_ERROR;
				CLANG_WARN_DOCUMENTATION_COMMENTS = YES;
				CLANG_WARN_EMPTY_BODY = YES;
				CLANG_WARN_ENUM_CONVERSION = YES;
				CLANG_WARN_INFINITE_RECURSION = YES;
				CLANG_WARN_INT_CONVERSION = YES;
				CLANG_WARN_NON_LITERAL_NULL_CONVERSION = YES;
				CLANG_WARN_OBJC_IMPLICIT_RETAIN_SELF = YES;
				CLANG_WARN_OBJC_LITERAL_CONVERSION = YES;
				CLANG_WARN_OBJC_ROOT_CLASS = YES_ERROR;
				CLANG_WARN_QUOTED_INCLUDE_IN_FRAMEWORK_HEADER = YES;
				CLANG_WARN_RANGE_LOOP_ANALYSIS = YES;
				CLANG_WARN_STRICT_PROTOTYPES = YES;
				CLANG_WARN_SUSPICIOUS_MOVE = YES;
				CLANG_WARN_UNGUARDED_AVAILABILITY = YES_AGGRESSIVE;
				CLANG_WARN_UNREACHABLE_CODE = YES;
				CLANG_WARN__DUPLICATE_METHOD_MATCH = YES;
				COPY_PHASE_STRIP = NO;
				DEBUG_INFORMATION_FORMAT = "dwarf-with-dsym";
				DEVELOPMENT_TEAM = VB6TJZ8M36;
				ENABLE_NS_ASSERTIONS = NO;
				ENABLE_STRICT_OBJC_MSGSEND = YES;
				ENABLE_USER_SCRIPT_SANDBOXING = YES;
				GCC_C_LANGUAGE_STANDARD = gnu17;
				GCC_NO_COMMON_BLOCKS = YES;
				GCC_WARN_64_TO_32_BIT_CONVERSION = YES;
				GCC_WARN_ABOUT_RETURN_TYPE = YES_ERROR;
				GCC_WARN_UNDECLARED_SELECTOR = YES;
				GCC_WARN_UNINITIALIZED_AUTOS = YES_AGGRESSIVE;
				GCC_WARN_UNUSED_FUNCTION = YES;
				GCC_WARN_UNUSED_VARIABLE = YES;
				INFOPLIST_FILE = Miracast/Info.plist;
				IPHONEOS_DEPLOYMENT_TARGET = 26.0;
				LOCALIZATION_PREFERS_STRING_CATALOGS = YES;
				MTL_ENABLE_DEBUG_INFO = NO;
				MTL_FAST_MATH = YES;
				SDKROOT = iphoneos;
				SWIFT_COMPILATION_MODE = wholemodule;
				VALIDATE_PRODUCT = YES;
			};
			name = Release;
		};
		C4B109852EA7D38D00C18BE1 /* Debug */ = {
			isa = XCBuildConfiguration;
			buildSettings = {
				ASSETCATALOG_COMPILER_APPICON_NAME = AppIcon;
				ASSETCATALOG_COMPILER_GLOBAL_ACCENT_COLOR_NAME = AccentColor;
				CODE_SIGN_ENTITLEMENTS = Miracast/Miracast.entitlements;
				CODE_SIGN_STYLE = Automatic;
				CURRENT_PROJECT_VERSION = 1;
				DEVELOPMENT_TEAM = VB6TJZ8M36;
				ENABLE_PREVIEWS = YES;
				FRAMEWORK_SEARCH_PATHS = (
					"$(inherited)",
					"$(PROJECT_DIR)/Frameworks",
				);
				GENERATE_INFOPLIST_FILE = NO;
				INFOPLIST_KEY_UIApplicationSceneManifest_Generation = YES;
				INFOPLIST_KEY_UIApplicationSupportsIndirectInputEvents = YES;
				INFOPLIST_KEY_UILaunchScreen_Generation = YES;
				INFOPLIST_KEY_UISupportedInterfaceOrientations_iPad = "UIInterfaceOrientationPortrait UIInterfaceOrientationPortraitUpsideDown UIInterfaceOrientationLandscapeLeft UIInterfaceOrientationLandscapeRight";
				INFOPLIST_KEY_UISupportedInterfaceOrientations_iPhone = "UIInterfaceOrientationPortrait UIInterfaceOrientationLandscapeLeft UIInterfaceOrientationLandscapeRight";
				IPHONEOS_DEPLOYMENT_TARGET = 18.1;
				LD_RUNPATH_SEARCH_PATHS = (
					"$(inherited)",
					"@executable_path/Frameworks",
				);
				MARKETING_VERSION = 1.0;
				PRODUCT_BUNDLE_IDENTIFIER = miracast.Miracast;
				PRODUCT_NAME = "$(TARGET_NAME)";
				STRING_CATALOG_GENERATE_SYMBOLS = YES;
				SUPPORTED_PLATFORMS = "iphoneos iphonesimulator";
				SUPPORTS_MACCATALYST = NO;
				SUPPORTS_MAC_DESIGNED_FOR_IPHONE_IPAD = NO;
				SUPPORTS_XR_DESIGNED_FOR_IPHONE_IPAD = NO;
				SWIFT_APPROACHABLE_CONCURRENCY = YES;
				SWIFT_DEFAULT_ACTOR_ISOLATION = MainActor;
				SWIFT_EMIT_LOC_STRINGS = YES;
				SWIFT_OBJC_BRIDGING_HEADER = "Miracast/Miracast-Bridging-Header.h";
				SWIFT_UPCOMING_FEATURE_MEMBER_IMPORT_VISIBILITY = YES;
				SWIFT_VERSION = 5.0;
				TARGETED_DEVICE_FAMILY = "1,2";
			};
			name = Debug;
		};
		C4B109862EA7D38D00C18BE1 /* Release */ = {
			isa = XCBuildConfiguration;
			buildSettings = {
				ASSETCATALOG_COMPILER_APPICON_NAME = AppIcon;
				ASSETCATALOG_COMPILER_GLOBAL_ACCENT_COLOR_NAME = AccentColor;
				CODE_SIGN_ENTITLEMENTS = Miracast/Miracast.entitlements;
				CODE_SIGN_STYLE = Automatic;
				CURRENT_PROJECT_VERSION = 1;
				DEVELOPMENT_TEAM = VB6TJZ8M36;
				ENABLE_PREVIEWS = YES;
				FRAMEWORK_SEARCH_PATHS = (
					"$(inherited)",
					"$(PROJECT_DIR)/Frameworks",
				);
				GENERATE_INFOPLIST_FILE = NO;
				INFOPLIST_KEY_UIApplicationSceneManifest_Generation = YES;
				INFOPLIST_KEY_UIApplicationSupportsIndirectInputEvents = YES;
				INFOPLIST_KEY_UILaunchScreen_Generation = YES;
				INFOPLIST_KEY_UISupportedInterfaceOrientations_iPad = "UIInterfaceOrientationPortrait UIInterfaceOrientationPortraitUpsideDown UIInterfaceOrientationLandscapeLeft UIInterfaceOrientationLandscapeRight";
				INFOPLIST_KEY_UISupportedInterfaceOrientations_iPhone = "UIInterfaceOrientationPortrait UIInterfaceOrientationLandscapeLeft UIInterfaceOrientationLandscapeRight";
				IPHONEOS_DEPLOYMENT_TARGET = 18.1;
				LD_RUNPATH_SEARCH_PATHS = (
					"$(inherited)",
					"@executable_path/Frameworks",
				);
				MARKETING_VERSION = 1.0;
				PRODUCT_BUNDLE_IDENTIFIER = miracast.Miracast;
				PRODUCT_NAME = "$(TARGET_NAME)";
				STRING_CATALOG_GENERATE_SYMBOLS = YES;
				SUPPORTED_PLATFORMS = "iphoneos iphonesimulator";
				SUPPORTS_MACCATALYST = NO;
				SUPPORTS_MAC_DESIGNED_FOR_IPHONE_IPAD = NO;
				SUPPORTS_XR_DESIGNED_FOR_IPHONE_IPAD = NO;
				SWIFT_APPROACHABLE_CONCURRENCY = YES;
				SWIFT_DEFAULT_ACTOR_ISOLATION = MainActor;
				SWIFT_EMIT_LOC_STRINGS = YES;
				SWIFT_OBJC_BRIDGING_HEADER = "Miracast/Miracast-Bridging-Header.h";
				SWIFT_UPCOMING_FEATURE_MEMBER_IMPORT_VISIBILITY = YES;
				SWIFT_VERSION = 5.0;
				TARGETED_DEVICE_FAMILY = "1,2";
			};
			name = Release;
		};
		T1B109802EA7D38B00C18BE1 /* Debug */ = {
			isa = XCBuildConfiguration;
			buildSettings = {
				BUNDLE_LOADER = "$(TEST_HOST)";
				CODE_SIGN_STYLE = Automatic;
				CURRENT_PROJECT_VERSION = 1;
				DEVELOPMENT_TEAM = VB6TJZ8M36;
				GENERATE_INFOPLIST_FILE = YES;
				IPHONEOS_DEPLOYMENT_TARGET = 18.1;
				MARKETING_VERSION = 1.0;
				PRODUCT_BUNDLE_IDENTIFIER = miracast.MiracastTests;
				PRODUCT_NAME = "$(TARGET_NAME)";
				SUPPORTED_PLATFORMS = "iphoneos iphonesimulator";
				SWIFT_APPROACHABLE_CONCURRENCY = YES;
				SWIFT_EMIT_LOC_STRINGS = NO;
				SWIFT_VERSION = 5.0;
				TARGETED_DEVICE_FAMILY = "1,2";
				TEST_HOST = "$(BUILT_PRODUCTS_DIR)/Miracast.app/$(BUNDLE_EXECUTABLE_FOLDER_PATH)/Miracast";
			};
			name = Debug;
		};
		T1B109812EA7D38B00C18BE1 /* Release */ = {
			isa = XCBuildConfiguration;
			buildSettings = {
				BUNDLE_LOADER = "$(TEST_HOST)";
				CODE_SIGN_STYLE = Automatic;
				CURRENT_PROJECT_VERSION = 1;
				DEVELOPMENT_TEAM = VB6TJZ8M36;
				GENERATE_INFOPLIST_FILE = YES;
				IPHONEOS_DEPLOYMENT_TARGET = 18.1;
				MARKETING_VERSION = 1.0;
				PRODUCT_BUNDLE_IDENTIFIER = miracast.MiracastTests;
				PRODUCT_NAME = "$(TARGET_NAME)";
				SUPPORTED_PLATFORMS = "iphoneos iphonesimulator";
				SWIFT_APPROACHABLE_CONCURRENCY = YES;
				SWIFT_EMIT_LOC_STRINGS = NO;
				SWIFT_VERSION = 5.0;
				TARGETED_DEVICE_FAMILY = "1,2";
				TEST_HOST = "$(BUILT_PRODUCTS_DIR)/Miracast.app/$(BUNDLE_EXECUTABLE_FOLDER_PATH)/Miracast";
			};
			name = Release;
		};
/* End XCBuildConfiguration section */

/* Begin XCConfigurationList section */
		96F82CCE2F92C9AF005469E6 /* Build configuration list for PBXNativeTarget "MiracastBroadcast" */ = {
			isa = XCConfigurationList;
			buildConfigurations = (
				96F82CCC2F92C9AF005469E6 /* Debug */,
				96F82CCD2F92C9AF005469E6 /* Release */,
			);
			defaultConfigurationIsVisible = 0;
			defaultConfigurationName = Release;
		};
		C4B109742EA7D38B00C18BE1 /* Build configuration list for PBXProject "Miracast" */ = {
			isa = XCConfigurationList;
			buildConfigurations = (
				C4B109822EA7D38D00C18BE1 /* Debug */,
				C4B109832EA7D38D00C18BE1 /* Release */,
			);
			defaultConfigurationIsVisible = 0;
			defaultConfigurationName = Release;
		};
		C4B109842EA7D38D00C18BE1 /* Build configuration list for PBXNativeTarget "Miracast" */ = {
			isa = XCConfigurationList;
			buildConfigurations = (
				C4B109852EA7D38D00C18BE1 /* Debug */,
				C4B109862EA7D38D00C18BE1 /* Release */,
			);
			defaultConfigurationIsVisible = 0;
			defaultConfigurationName = Release;
		};
		T1B1097F2EA7D38B00C18BE1 /* Build configuration list for PBXNativeTarget "MiracastTests" */ = {
			isa = XCConfigurationList;
			buildConfigurations = (
				T1B109802EA7D38B00C18BE1 /* Debug */,
				T1B109812EA7D38B00C18BE1 /* Release */,
			);
			defaultConfigurationIsVisible = 0;
			defaultConfigurationName = Release;
		};
/* End XCConfigurationList section */
	};
	rootObject = C4B109712EA7D38B00C18BE1 /* Project object */;
}
